{
  "name": "frontend",
  "lockfileVersion": 3,
  "requires": true,
  "packages": {
    "": {
      "dependencies": {
        "react-is": "^19.2.1"
      }
    },
    "node_modules/react-is": {
      "version": "19.2.1",
      "resolved": "https://registry.npmjs.org/react-is/-/react-is-19.2.1.tgz",
      "integrity": "sha512-L7BnWgRbMwzMAubQcS7sXdPdNLmKlucPlopgAzx7FtYbksWZgEWiuYM5x9T6UqS2Ne0rsgQTq5kY2SGqpzUkYA==",
      "license": "MIT"
    }
  }
}
